{
  "version": "3",
  "packages": {
    "specifiers": {
      "npm:@types/socket.io-client@3.0.0": "npm:@types/socket.io-client@3.0.0",
      "npm:socket.io-client@4.7.2": "npm:socket.io-client@4.7.2"
    },
    "npm": {
      "@socket.io/component-emitter@3.1.0": {
        "integrity": "sha512-+9jVqKhRSpsc591z5vX+X5Yyw+he/HCB4iQ/RYxw35CEPaY1gnsNE43nf9n9AaYjAQrTiI/mOwKUKdUs9vf7Xg==",
        "dependencies": {}
      },
      "@types/socket.io-client@3.0.0": {
        "integrity": "sha512-s+IPvFoEIjKA3RdJz/Z2dGR4gLgysKi8owcnrVwNjgvc01Lk68LJDDsG2GRqegFITcxmvCMYM7bhMpwEMlHmDg==",
        "dependencies": {
          "socket.io-client": "socket.io-client@4.7.2"
        }
      },
      "debug@4.3.4": {
        "integrity": "sha512-PRWFHuSU3eDtQJPvnNY7Jcket1j0t5OuOsFzPPzsekD52Zl8qUfFIPEiswXqIvHWGVHOgX+7G/vCNNhehwxfkQ==",
        "dependencies": {
          "ms": "ms@2.1.2"
        }
      },
      "engine.io-client@6.5.3": {
        "integrity": "sha512-9Z0qLB0NIisTRt1DZ/8U2k12RJn8yls/nXMZLn+/N8hANT3TcYjKFKcwbw5zFQiN4NTde3TSY9zb79e1ij6j9Q==",
        "dependencies": {
          "@socket.io/component-emitter": "@socket.io/component-emitter@3.1.0",
          "debug": "debug@4.3.4",
          "engine.io-parser": "engine.io-parser@5.2.1",
          "ws": "ws@8.11.0",
          "xmlhttprequest-ssl": "xmlhttprequest-ssl@2.0.0"
        }
      },
      "engine.io-parser@5.2.1": {
        "integrity": "sha512-9JktcM3u18nU9N2Lz3bWeBgxVgOKpw7yhRaoxQA3FUDZzzw+9WlA6p4G4u0RixNkg14fH7EfEc/RhpurtiROTQ==",
        "dependencies": {}
      },
      "ms@2.1.2": {
        "integrity": "sha512-sGkPx+VjMtmA6MX27oA4FBFELFCZZ4S4XqeGOXCv68tT+jb3vk/RyaKWP0PTKyWtmLSM0b+adUTEvbs1PEaH2w==",
        "dependencies": {}
      },
      "socket.io-client@4.7.2": {
        "integrity": "sha512-vtA0uD4ibrYD793SOIAwlo8cj6haOeMHrGvwPxJsxH7CeIksqJ+3Zc06RvWTIFgiSqx4A3sOnTXpfAEE2Zyz6w==",
        "dependencies": {
          "@socket.io/component-emitter": "@socket.io/component-emitter@3.1.0",
          "debug": "debug@4.3.4",
          "engine.io-client": "engine.io-client@6.5.3",
          "socket.io-parser": "socket.io-parser@4.2.4"
        }
      },
      "socket.io-parser@4.2.4": {
        "integrity": "sha512-/GbIKmo8ioc+NIWIhwdecY0ge+qVBSMdgxGygevmdHj24bsfgtCmcUUcQ5ZzcylGFHsN3k4HB4Cgkl96KVnuew==",
        "dependencies": {
          "@socket.io/component-emitter": "@socket.io/component-emitter@3.1.0",
          "debug": "debug@4.3.4"
        }
      },
      "ws@8.11.0": {
        "integrity": "sha512-HPG3wQd9sNQoT9xHyNCXoDUa+Xw/VevmY9FoHyQ+g+rrMn4j6FB4np7Z0OhdTgjx6MgQLK7jwSy1YecU1+4Asg==",
        "dependencies": {}
      },
      "xmlhttprequest-ssl@2.0.0": {
        "integrity": "sha512-QKxVRxiRACQcVuQEYFsI1hhkrMlrXHPegbbd1yn9UHOmRxY+si12nQYzri3vbzt8VdTTRviqcKxcyllFas5z2A==",
        "dependencies": {}
      }
    }
  },
  "redirects": {
    "https://deno.land/x/axiod/mod.ts": "https://deno.land/x/axiod@0.26.2/mod.ts",
    "https://deno.land/x/flags_usage/mod.ts": "https://deno.land/x/flags_usage@2.0.0/mod.ts"
  },
  "remote": {
    "https://deno.land/std@0.115.1/_util/assert.ts": "2f868145a042a11d5ad0a3c748dcf580add8a0dbc0e876eaa0026303a5488f58",
    "https://deno.land/std@0.115.1/flags/mod.ts": "5bd80147c97e481efcc4c041096c6c1a1393248e2849ccd571269d62c2634cbe",
    "https://deno.land/x/axiod@0.26.2/helpers.ts": "467f2ca75608f368c8092e800eab0d6d79b3fa42346372be62a5b93acf50fe7e",
    "https://deno.land/x/axiod@0.26.2/interfaces.ts": "1b5a7b70b1e7faecd2f251ad080bd87188fba585e2de667af472c4d72abf636e",
    "https://deno.land/x/axiod@0.26.2/mod.ts": "1175ec90a040d764b9940753f8d8e3f37a2328a0536eed48e411a8f1a3e9e5cb",
    "https://deno.land/x/axiod@0.26.2/mods/url-join.ts": "c925b2dd0bd490093d084bd4c74a9502260e014d5e760a4951b3e7c8ab3ca43f",
    "https://deno.land/x/flags_usage@2.0.0/mod.ts": "97e3973fd3ac4600c1b5371dcbec7f9acf8a285576ed4c746167c3d42dd52ca0",
    "https://deno.land/x/url_join@1.0.0/mod.ts": "d3c7007e3ab15594e54d5b90dce623b3e274a726e0cdf57858e7ecab77a0166c"
  }
}
